{
  "name": "citation_gen",
  "version": "1.0.0",
  "lockfileVersion": 3,
  "requires": true,
  "packages": {
    "": {
      "name": "citation_gen",
      "version": "1.0.0",
      "license": "MIT",
      "dependencies": {
        "@blockzilla101/citation": "^1.3.0"
      }
    },
    "node_modules/@blockzilla101/citation": {
      "version": "1.3.0",
      "resolved": "https://registry.npmjs.org/@blockzilla101/citation/-/citation-1.3.0.tgz",
      "integrity": "sha512-F86s8SFGM3hIuDhGB2WuNRhZH9ebNovqDJwxTpcyHRBLfnrJG9zpA+sXBGTGz7dQQOPBcByVTcjn8GdHoXMing==",
      "dependencies": {
        "@napi-rs/canvas": "^0.1.34",
        "args-parser": "^1.3.0",
        "gif-encoder-2": "^1.0.5"
      }
    },
    "node_modules/@napi-rs/canvas": {
      "version": "0.1.52",
      "resolved": "https://registry.npmjs.org/@napi-rs/canvas/-/canvas-0.1.52.tgz",
      "integrity": "sha512-xeW9EghZLDPZuqWJ4l1+eG3ld0i9J7SpV2zlgi34MPt/FE9K2XWGCfnLr0gHGOBkcI3YOVhI13I0HqRAkMPdVw==",
      "engines": {
        "node": ">= 10"
      },
      "optionalDependencies": {
        "@napi-rs/canvas-android-arm64": "0.1.52",
        "@napi-rs/canvas-darwin-arm64": "0.1.52",
        "@napi-rs/canvas-darwin-x64": "0.1.52",
        "@napi-rs/canvas-linux-arm-gnueabihf": "0.1.52",
        "@napi-rs/canvas-linux-arm64-gnu": "0.1.52",
        "@napi-rs/canvas-linux-arm64-musl": "0.1.52",
        "@napi-rs/canvas-linux-x64-gnu": "0.1.52",
        "@napi-rs/canvas-linux-x64-musl": "0.1.52",
        "@napi-rs/canvas-win32-x64-msvc": "0.1.52"
      }
    },
    "node_modules/@napi-rs/canvas-android-arm64": {
      "version": "0.1.52",
      "resolved": "https://registry.npmjs.org/@napi-rs/canvas-android-arm64/-/canvas-android-arm64-0.1.52.tgz",
      "integrity": "sha512-x/K471KbASPVh5mfBUxokza66J0FNIlOgMNANWAf5C8HiATb487KecEhSkUQvvTS3WLYC9uSqIPHFgwF+tir3w==",
      "cpu": [
        "arm64"
      ],
      "optional": true,
      "os": [
        "android"
      ],
      "engines": {
        "node": ">= 10"
      }
    },
    "node_modules/@napi-rs/canvas-darwin-arm64": {
      "version": "0.1.52",
      "resolved": "https://registry.npmjs.org/@napi-rs/canvas-darwin-arm64/-/canvas-darwin-arm64-0.1.52.tgz",
      "integrity": "sha512-4OgVRD7TW02q5Q7lWLLjT+pYJ9ZHkQUTBOuXbPQ5wB0Wnh3RIq/aMY6thoXDZDzdR5vV3a5TUtbZUJ0aqLq3NA==",
      "cpu": [
        "arm64"
      ],
      "optional": true,
      "os": [
        "darwin"
      ],
      "engines": {
        "node": ">= 10"
      }
    },
    "node_modules/@napi-rs/canvas-darwin-x64": {
      "version": "0.1.52",
      "resolved": "https://registry.npmjs.org/@napi-rs/canvas-darwin-x64/-/canvas-darwin-x64-0.1.52.tgz",
      "integrity": "sha512-3fgeGJ3j2X6Mtmn0QYf3iA+A6y1ePnsayakc2emEokzf03ErrPczONw3vjnTQo53JLPMzEnfPGAffdktU/ssPA==",
      "cpu": [
        "x64"
      ],
      "optional": true,
      "os": [
        "darwin"
      ],
      "engines": {
        "node": ">= 10"
      }
    },
    "node_modules/@napi-rs/canvas-linux-arm-gnueabihf": {
      "version": "0.1.52",
      "resolved": "https://registry.npmjs.org/@napi-rs/canvas-linux-arm-gnueabihf/-/canvas-linux-arm-gnueabihf-0.1.52.tgz",
      "integrity": "sha512-aaDEEK5XwHUrPt0q4SR8l7Va0vtn50KmSs+itxP+o7RNk3Nuch8fINHOXyhMyhwNYgv1tfiJVyHsJhD0E6lXGA==",
      "cpu": [
        "arm"
      ],
      "optional": true,
      "os": [
        "linux"
      ],
      "engines": {
        "node": ">= 10"
      }
    },
    "node_modules/@napi-rs/canvas-linux-arm64-gnu": {
      "version": "0.1.52",
      "resolved": "https://registry.npmjs.org/@napi-rs/canvas-linux-arm64-gnu/-/canvas-linux-arm64-gnu-0.1.52.tgz",
      "integrity": "sha512-tzuwM7Amt5mkrp4csQjYWkFzwFdiCm7RNdJ5usX8syzKSXmozqWzLHjzo/2ozdSQNUy6wyzRrxkG4Rh6g0OpOA==",
      "cpu": [
        "arm64"
      ],
      "optional": true,
      "os": [
        "linux"
      ],
      "engines": {
        "node": ">= 10"
      }
    },
    "node_modules/@napi-rs/canvas-linux-arm64-musl": {
      "version": "0.1.52",
      "resolved": "https://registry.npmjs.org/@napi-rs/canvas-linux-arm64-musl/-/canvas-linux-arm64-musl-0.1.52.tgz",
      "integrity": "sha512-HQCtJlDT0dFp3uUZVzZOZ1VLMO7lbLRc548MjMxPpojit2ZdGopFzJ8jDSr4iszHrTO1SM1AxPaCM3pRvCAtjw==",
      "cpu": [
        "arm64"
      ],
      "optional": true,
      "os": [
        "linux"
      ],
      "engines": {
        "node": ">= 10"
      }
    },
    "node_modules/@napi-rs/canvas-linux-x64-gnu": {
      "version": "0.1.52",
      "resolved": "https://registry.npmjs.org/@napi-rs/canvas-linux-x64-gnu/-/canvas-linux-x64-gnu-0.1.52.tgz",
      "integrity": "sha512-z5sBEw0PVWPH/MIQL8hOR8C3YYVlu8lqtRUcYajigMfXAhbMiNqDWTjuIWGMz3nIydDjZmn8KTxw/D4a0HFPqQ==",
      "cpu": [
        "x64"
      ],
      "optional": true,
      "os": [
        "linux"
      ],
      "engines": {
        "node": ">= 10"
      }
    },
    "node_modules/@napi-rs/canvas-linux-x64-musl": {
      "version": "0.1.52",
      "resolved": "https://registry.npmjs.org/@napi-rs/canvas-linux-x64-musl/-/canvas-linux-x64-musl-0.1.52.tgz",
      "integrity": "sha512-G1+JdWFhHLyHhULJS51xTEhB7EL0ZiAUQwQaRi4/w75OOYDQ91O+o4miaxDHiV0hZuxBhHtZU6ftV2Zl3RMguw==",
      "cpu": [
        "x64"
      ],
      "optional": true,
      "os": [
        "linux"
      ],
      "engines": {
        "node": ">= 10"
      }
    },
    "node_modules/@napi-rs/canvas-win32-x64-msvc": {
      "version": "0.1.52",
      "resolved": "https://registry.npmjs.org/@napi-rs/canvas-win32-x64-msvc/-/canvas-win32-x64-msvc-0.1.52.tgz",
      "integrity": "sha512-hMI626VsCC/wv29qHF78N7TSG+auatOp08DHln0Zdif5y1NJ14NU/rNUhzlTW8Zc6ssw+AMDJ3KKYYWYYg1aoA==",
      "cpu": [
        "x64"
      ],
      "optional": true,
      "os": [
        "win32"
      ],
      "engines": {
        "node": ">= 10"
      }
    },
    "node_modules/args-parser": {
      "version": "1.3.0",
      "resolved": "https://registry.npmjs.org/args-parser/-/args-parser-1.3.0.tgz",
      "integrity": "sha512-If3Zi4BSjlQIJ9fgAhSiKi0oJtgMzSqh0H4wvl7XSeO16FKx7QqaHld8lZeEajPX7y1C5qKKeNgyrfyvmjmjUQ=="
    },
    "node_modules/gif-encoder-2": {
      "version": "1.0.5",
      "resolved": "https://registry.npmjs.org/gif-encoder-2/-/gif-encoder-2-1.0.5.tgz",
      "integrity": "sha512-fsRAKbZuUoZ7FYGjpFElmflTkKwsn/CzAmL/xDl4558aTAgysIDCUF6AXWO8dmai/ApfZACbPVAM+vPezJXlFg=="
    }
  }
}
